
Microsoft Visual Studio Solution File, Format Version 12.00
# Visual Studio Version 16
VisualStudioVersion = 16.0.31515.178
MinimumVisualStudioVersion = 10.0.40219.1
Project("{9A19103F-16F7-4668-BE54-9A1E7A4F7556}") = "weatherapi", "weatherapi.csproj", "{F72A2267-4B77-4A6A-B9A1-B62529288005}"
EndProject
Global
	GlobalSection(SolutionConfigurationPlatforms) = preSolution
		Debug|Any CPU = Debug|Any CPU
		Release|Any CPU = Release|Any CPU
	EndGlobalSection
	GlobalSection(ProjectConfigurationPlatforms) = postSolution
		{F72A2267-4B77-4A6A-B9A1-B62529288005}.Debug|Any CPU.ActiveCfg = Debug|Any CPU
		{F72A2267-4B77-4A6A-B9A1-B62529288005}.Debug|Any CPU.Build.0 = Debug|Any CPU
		{F72A2267-4B77-4A6A-B9A1-B62529288005}.Release|Any CPU.ActiveCfg = Release|Any CPU
		{F72A2267-4B77-4A6A-B9A1-B62529288005}.Release|Any CPU.Build.0 = Release|Any CPU
	EndGlobalSection
	GlobalSection(SolutionProperties) = preSolution
		HideSolutionNode = FALSE
	EndGlobalSection
	GlobalSection(ExtensibilityGlobals) = postSolution
		SolutionGuid = {8D614D75-233C-493C-9D93-8DBDFEB8A9F7}
	EndGlobalSection
EndGlobal
